{
  "nodes": {
    "fenix": {
      "inputs": {
        "nixpkgs": [
          "globalprotect-openconnect",
          "naersk",
          "nixpkgs"
        ],
        "rust-analyzer-src": "rust-analyzer-src"
      },
      "locked": {
        "lastModified": 1752475459,
        "narHash": "sha256-z6QEu4ZFuHiqdOPbYss4/Q8B0BFhacR8ts6jO/F/aOU=",
        "owner": "nix-community",
        "repo": "fenix",
        "rev": "bf0d6f70f4c9a9cf8845f992105652173f4b617f",
        "type": "github"
      },
      "original": {
        "owner": "nix-community",
        "repo": "fenix",
        "type": "github"
      }
    },
    "flake-utils": {
      "inputs": {
        "systems": "systems"
      },
      "locked": {
        "lastModified": 1731533236,
        "narHash": "sha256-l0KFg5HjrsfsO/JpG+r7fRrqm12kzFHyUHqHCVpMMbI=",
        "owner": "numtide",
        "repo": "flake-utils",
        "rev": "11707dc2f618dd54ca8739b309ec4fc024de578b",
        "type": "github"
      },
      "original": {
        "owner": "numtide",
        "repo": "flake-utils",
        "type": "github"
      }
    },
    "globalprotect-openconnect": {
      "inputs": {
        "flake-utils": "flake-utils",
        "naersk": "naersk",
        "nixpkgs": "nixpkgs_2",
        "rust-overlay": "rust-overlay"
      },
      "locked": {
        "lastModified": 1777208660,
        "narHash": "sha256-CkPD+38Pufel2aiMxq96YBK9fXTz4vkhKxcZyJH9eJ4=",
        "owner": "yuezk",
        "repo": "GlobalProtect-openconnect",
        "rev": "dad4f13f64ce718429a908b69256bcd29c97910e",
        "type": "github"
      },
      "original": {
        "owner": "yuezk",
        "repo": "GlobalProtect-openconnect",
        "type": "github"
      }
    },
    "home-manager": {
      "inputs": {
        "nixpkgs": [
          "nixpkgs"
        ]
      },
      "locked": {
        "lastModified": 1776373306,
        "narHash": "sha256-iAJIzHngGZeLIkjzuuWI6VBsYJ1n89a/Esq0m8R1vjs=",
        "owner": "nix-community",
        "repo": "home-manager",
        "rev": "d401492e2acd4fea42f7705a3c266cea739c9c36",
        "type": "github"
      },
      "original": {
        "owner": "nix-community",
        "repo": "home-manager",
        "type": "github"
      }
    },
    "mk-bash-src": {
      "flake": false,
      "locked": {
        "lastModified": 1774894145,
        "narHash": "sha256-iEpYRtKPYjlQwKprCqYrbosbrxXqoMbS5zz54B1/h2k=",
        "owner": "binaryphile",
        "repo": "mk.bash",
        "rev": "8c074a9f831002cb4a4d7294e458743809790aae",
        "type": "github"
      },
      "original": {
        "owner": "binaryphile",
        "repo": "mk.bash",
        "type": "github"
      }
    },
    "naersk": {
      "inputs": {
        "fenix": "fenix",
        "nixpkgs": "nixpkgs"
      },
      "locked": {
        "lastModified": 1763384566,
        "narHash": "sha256-r+wgI+WvNaSdxQmqaM58lVNvJYJ16zoq+tKN20cLst4=",
        "owner": "nix-community",
        "repo": "naersk",
        "rev": "d4155d6ebb70fbe2314959842f744aa7cabbbf6a",
        "type": "github"
      },
      "original": {
        "owner": "nix-community",
        "repo": "naersk",
        "type": "github"
      }
    },
    "nixpkgs": {
      "locked": {
        "lastModified": 1752077645,
        "narHash": "sha256-HM791ZQtXV93xtCY+ZxG1REzhQenSQO020cu6rHtAPk=",
        "owner": "NixOS",
        "repo": "nixpkgs",
        "rev": "be9e214982e20b8310878ac2baa063a961c1bdf6",
        "type": "github"
      },
      "original": {
        "owner": "NixOS",
        "ref": "nixpkgs-unstable",
        "repo": "nixpkgs",
        "type": "github"
      }
    },
    "nixpkgs_2": {
      "locked": {
        "lastModified": 1766410818,
        "narHash": "sha256-ruVneSx6wFy5PMw1ow3BE+znl653TJ6+eeNUj4B/9y8=",
        "owner": "NixOS",
        "repo": "nixpkgs",
        "rev": "3a7affa77a5a539afa1c7859e2c31abdb1aeadf3",
        "type": "github"
      },
      "original": {
        "owner": "NixOS",
        "ref": "nixpkgs-unstable",
        "repo": "nixpkgs",
        "type": "github"
      }
    },
    "nixpkgs_3": {
      "locked": {
        "lastModified": 1744536153,
        "narHash": "sha256-awS2zRgF4uTwrOKwwiJcByDzDOdo3Q1rPZbiHQg/N38=",
        "owner": "NixOS",
        "repo": "nixpkgs",
        "rev": "18dd725c29603f582cf1900e0d25f9f1063dbf11",
        "type": "github"
      },
      "original": {
        "owner": "NixOS",
        "ref": "nixpkgs-unstable",
        "repo": "nixpkgs",
        "type": "github"
      }
    },
    "nixpkgs_4": {
      "locked": {
        "lastModified": 1776255774,
        "narHash": "sha256-psVTpH6PK3q1htMJpmdz1hLF5pQgEshu7gQWgKO6t6Y=",
        "owner": "NixOS",
        "repo": "nixpkgs",
        "rev": "566acc07c54dc807f91625bb286cb9b321b5f42a",
        "type": "github"
      },
      "original": {
        "owner": "NixOS",
        "ref": "nixpkgs-unstable",
        "repo": "nixpkgs",
        "type": "github"
      }
    },
    "root": {
      "inputs": {
        "globalprotect-openconnect": "globalprotect-openconnect",
        "home-manager": "home-manager",
        "mk-bash-src": "mk-bash-src",
        "nixpkgs": "nixpkgs_4",
        "task-bash-src": "task-bash-src",
        "tesht-src": "tesht-src"
      }
    },
    "rust-analyzer-src": {
      "flake": false,
      "locked": {
        "lastModified": 1752428706,
        "narHash": "sha256-EJcdxw3aXfP8Ex1Nm3s0awyH9egQvB2Gu+QEnJn2Sfg=",
        "owner": "rust-lang",
        "repo": "rust-analyzer",
        "rev": "591e3b7624be97e4443ea7b5542c191311aa141d",
        "type": "github"
      },
      "original": {
        "owner": "rust-lang",
        "ref": "nightly",
        "repo": "rust-analyzer",
        "type": "github"
      }
    },
    "rust-overlay": {
      "inputs": {
        "nixpkgs": "nixpkgs_3"
      },
      "locked": {
        "lastModified": 1766457837,
        "narHash": "sha256-aeBbkQ0HPFNOIsUeEsXmZHXbYq4bG8ipT9JRlCcKHgU=",
        "owner": "oxalica",
        "repo": "rust-overlay",
        "rev": "2c7510a559416d07242621d036847152d970612b",
        "type": "github"
      },
      "original": {
        "owner": "oxalica",
        "repo": "rust-overlay",
        "type": "github"
      }
    },
    "systems": {
      "locked": {
        "lastModified": 1681028828,
        "narHash": "sha256-Vy1rq5AaRuLzOxct8nz4T6wlgyUR7zLU309k9mBC768=",
        "owner": "nix-systems",
        "repo": "default",
        "rev": "da67096a3b9bf56a91d16901293e51ba5b49a27e",
        "type": "github"
      },
      "original": {
        "owner": "nix-systems",
        "repo": "default",
        "type": "github"
      }
    },
    "task-bash-src": {
      "flake": false,
      "locked": {
        "lastModified": 1777565808,
        "narHash": "sha256-j5lZFJd4Hkc7nqJvXOEOk/dZU/C+kjSxM1qxpUgdQHU=",
        "owner": "binaryphile",
        "repo": "task.bash",
        "rev": "d1e7175898acc8951fd9e8f1a8f72d158ce5c985",
        "type": "github"
      },
      "original": {
        "owner": "binaryphile",
        "repo": "task.bash",
        "type": "github"
      }
    },
    "tesht-src": {
      "flake": false,
      "locked": {
        "lastModified": 1773076958,
        "narHash": "sha256-Jt/n7S+fxHvL5Gq0U5RbD2pm2o2krTFXQF1kxRJAhpQ=",
        "owner": "binaryphile",
        "repo": "tesht",
        "rev": "8f5848ee3fe469eb4d3a288bdda7b8c5b09f3465",
        "type": "github"
      },
      "original": {
        "owner": "binaryphile",
        "repo": "tesht",
        "type": "github"
      }
    }
  },
  "root": "root",
  "version": 7
}
